# @generated - this file is auto-generated by `mise lock` https://mise.en.dev/dev-tools/mise-lock.html

[[tools."aqua:casey/just"]]
version = "1.58.0"
backend = "aqua:casey/just"

[tools."aqua:casey/just"."platforms.linux-arm64"]
checksum = "sha256:748237128c4c40cbdabc65e841d05ceba13cc23a91eaba395495894c1d9764df"
url = "https://github.com/casey/just/releases/download/1.58.0/just-1.58.0-aarch64-unknown-linux-musl.tar.gz"
url_api = "https://api.github.com/repos/casey/just/releases/assets/500510099"

[tools."aqua:casey/just"."platforms.linux-arm64-musl"]
checksum = "sha256:748237128c4c40cbdabc65e841d05ceba13cc23a91eaba395495894c1d9764df"
url = "https://github.com/casey/just/releases/download/1.58.0/just-1.58.0-aarch64-unknown-linux-musl.tar.gz"
url_api = "https://api.github.com/repos/casey/just/releases/assets/500510099"

[tools."aqua:casey/just"."platforms.linux-x64"]
checksum = "sha256:4a5cc2f53e6f0f8c59092a6cc38291eb729d46a7dd95d3ae582008881b84931d"
url = "https://github.com/casey/just/releases/download/1.58.0/just-1.58.0-x86_64-unknown-linux-musl.tar.gz"
url_api = "https://api.github.com/repos/casey/just/releases/assets/500509978"

[tools."aqua:casey/just"."platforms.linux-x64-musl"]
checksum = "sha256:4a5cc2f53e6f0f8c59092a6cc38291eb729d46a7dd95d3ae582008881b84931d"
url = "https://github.com/casey/just/releases/download/1.58.0/just-1.58.0-x86_64-unknown-linux-musl.tar.gz"
url_api = "https://api.github.com/repos/casey/just/releases/assets/500509978"

[tools."aqua:casey/just"."platforms.macos-arm64"]
checksum = "sha256:50ae3e996c974a0bf32ea7d10f495070df33f1b43e0616b2769e3d4821ed8f48"
url = "https://github.com/casey/just/releases/download/1.58.0/just-1.58.0-aarch64-apple-darwin.tar.gz"
url_api = "https://api.github.com/repos/casey/just/releases/assets/500509965"

[tools."aqua:casey/just"."platforms.macos-x64"]
checksum = "sha256:9a09cfef66aaa79da58203970103a0684307716caaabd3e9844cacc4dc0f4023"
url = "https://github.com/casey/just/releases/download/1.58.0/just-1.58.0-x86_64-apple-darwin.tar.gz"
url_api = "https://api.github.com/repos/casey/just/releases/assets/500510084"

[tools."aqua:casey/just"."platforms.windows-x64"]
checksum = "sha256:759f16fb7aa17c5c8b9594b6d4a8c1a6630dfd042cf2b3ff84841454d3d188dc"
url = "https://github.com/casey/just/releases/download/1.58.0/just-1.58.0-x86_64-pc-windows-msvc.zip"
url_api = "https://api.github.com/repos/casey/just/releases/assets/500511374"

[[tools."aqua:charmbracelet/gum"]]
version = "2.0.2"
backend = "aqua:charmbracelet/gum"

[tools."aqua:charmbracelet/gum"."platforms.linux-arm64"]
checksum = "sha256:8ebf8b54ec1e8c81f2bb58b59ff9b70998186a4d11375f0cf357b80e0ccfa1d5"
url = "https://github.com/charmbracelet/gum/releases/download/v2.0.2/gum_2.0.2_Linux_arm64.tar.gz"
url_api = "https://api.github.com/repos/charmbracelet/gum/releases/assets/585508724"
provenance = "cosign"

[tools."aqua:charmbracelet/gum"."platforms.linux-arm64-musl"]
checksum = "sha256:8ebf8b54ec1e8c81f2bb58b59ff9b70998186a4d11375f0cf357b80e0ccfa1d5"
url = "https://github.com/charmbracelet/gum/releases/download/v2.0.2/gum_2.0.2_Linux_arm64.tar.gz"
url_api = "https://api.github.com/repos/charmbracelet/gum/releases/assets/585508724"
provenance = "cosign"

[tools."aqua:charmbracelet/gum"."platforms.linux-x64"]
checksum = "sha256:d842e06d93dbed90af48cb8dd10698db6f22e331fc40346bb37bbc753109edc2"
url = "https://github.com/charmbracelet/gum/releases/download/v2.0.2/gum_2.0.2_Linux_x86_64.tar.gz"
url_api = "https://api.github.com/repos/charmbracelet/gum/releases/assets/585508723"
provenance = "cosign"

[tools."aqua:charmbracelet/gum"."platforms.linux-x64-musl"]
checksum = "sha256:d842e06d93dbed90af48cb8dd10698db6f22e331fc40346bb37bbc753109edc2"
url = "https://github.com/charmbracelet/gum/releases/download/v2.0.2/gum_2.0.2_Linux_x86_64.tar.gz"
url_api = "https://api.github.com/repos/charmbracelet/gum/releases/assets/585508723"
provenance = "cosign"

[tools."aqua:charmbracelet/gum"."platforms.macos-arm64"]
checksum = "sha256:4777a69b1170b8db23c95d5889fb32186cfda1a3ac950d339aa17e3513633890"
url = "https://github.com/charmbracelet/gum/releases/download/v2.0.2/gum_2.0.2_Darwin_arm64.tar.gz"
url_api = "https://api.github.com/repos/charmbracelet/gum/releases/assets/585508714"
provenance = "cosign"

[tools."aqua:charmbracelet/gum"."platforms.macos-x64"]
checksum = "sha256:5374966c7c7199ea879fcaa525ddc6d447a098d3d35496e430a9a1ef38d30485"
url = "https://github.com/charmbracelet/gum/releases/download/v2.0.2/gum_2.0.2_Darwin_x86_64.tar.gz"
url_api = "https://api.github.com/repos/charmbracelet/gum/releases/assets/585508719"
provenance = "cosign"

[tools."aqua:charmbracelet/gum"."platforms.windows-x64"]
checksum = "sha256:0397091dec9b4e8f00e02b90fd3eb07bf45acabbdb61d67437950f18e03a8b79"
url = "https://github.com/charmbracelet/gum/releases/download/v2.0.2/gum_2.0.2_Windows_x86_64.zip"
url_api = "https://api.github.com/repos/charmbracelet/gum/releases/assets/585508763"
provenance = "cosign"

[[tools."aqua:cilium/cilium-cli"]]
version = "0.20.1"
backend = "aqua:cilium/cilium-cli"

[tools."aqua:cilium/cilium-cli"."platforms.linux-arm64"]
checksum = "sha256:d237550b882af6f2e01e8985e1e024d57c0774611c0a527c7a20dcee7dc4fd07"
url = "https://github.com/cilium/cilium-cli/releases/download/v0.20.1/cilium-linux-arm64.tar.gz"
url_api = "https://api.github.com/repos/cilium/cilium-cli/releases/assets/585358779"

[tools."aqua:cilium/cilium-cli"."platforms.linux-arm64-musl"]
checksum = "sha256:d237550b882af6f2e01e8985e1e024d57c0774611c0a527c7a20dcee7dc4fd07"
url = "https://github.com/cilium/cilium-cli/releases/download/v0.20.1/cilium-linux-arm64.tar.gz"
url_api = "https://api.github.com/repos/cilium/cilium-cli/releases/assets/585358779"

[tools."aqua:cilium/cilium-cli"."platforms.linux-x64"]
checksum = "sha256:24e817dcfcc8a12e325ce7547617bcbcf171c5b0b335bb24d2bb1207ba047f61"
url = "https://github.com/cilium/cilium-cli/releases/download/v0.20.1/cilium-linux-amd64.tar.gz"
url_api = "https://api.github.com/repos/cilium/cilium-cli/releases/assets/585358772"

[tools."aqua:cilium/cilium-cli"."platforms.linux-x64-musl"]
checksum = "sha256:24e817dcfcc8a12e325ce7547617bcbcf171c5b0b335bb24d2bb1207ba047f61"
url = "https://github.com/cilium/cilium-cli/releases/download/v0.20.1/cilium-linux-amd64.tar.gz"
url_api = "https://api.github.com/repos/cilium/cilium-cli/releases/assets/585358772"

[tools."aqua:cilium/cilium-cli"."platforms.macos-arm64"]
checksum = "sha256:3521cb6af8f621d64dac63c7537fd9aa2ff878fb1f7a6f50e69b31bf45c02cb8"
url = "https://github.com/cilium/cilium-cli/releases/download/v0.20.1/cilium-darwin-arm64.tar.gz"
url_api = "https://api.github.com/repos/cilium/cilium-cli/releases/assets/585358773"

[tools."aqua:cilium/cilium-cli"."platforms.macos-x64"]
checksum = "sha256:b5ac658a9a87c933a3cc662f035d8ab4a3cbfdf67d942526b37566907a0d88ad"
url = "https://github.com/cilium/cilium-cli/releases/download/v0.20.1/cilium-darwin-amd64.tar.gz"
url_api = "https://api.github.com/repos/cilium/cilium-cli/releases/assets/585358780"

[tools."aqua:cilium/cilium-cli"."platforms.windows-x64"]
checksum = "sha256:869bc322c880db7c566995f8e251dd3270e15814f26e4c7c8c13922319a939e3"
url = "https://github.com/cilium/cilium-cli/releases/download/v0.20.1/cilium-windows-amd64.zip"
url_api = "https://api.github.com/repos/cilium/cilium-cli/releases/assets/585358777"

[[tools."aqua:cli/cli"]]
version = "2.102.0"
backend = "aqua:cli/cli"

[tools."aqua:cli/cli"."platforms.linux-arm64"]
checksum = "sha256:7862c86c72f43df3a2d93ddde6f473285b4e2af61b494849846827e513ef6484"
url = "https://github.com/cli/cli/releases/download/v2.102.0/gh_2.102.0_linux_arm64.tar.gz"
url_api = "https://api.github.com/repos/cli/cli/releases/assets/599854680"
provenance = "github-attestations"

[tools."aqua:cli/cli"."platforms.linux-arm64-musl"]
checksum = "sha256:7862c86c72f43df3a2d93ddde6f473285b4e2af61b494849846827e513ef6484"
url = "https://github.com/cli/cli/releases/download/v2.102.0/gh_2.102.0_linux_arm64.tar.gz"
url_api = "https://api.github.com/repos/cli/cli/releases/assets/599854680"
provenance = "github-attestations"

[tools."aqua:cli/cli"."platforms.linux-x64"]
checksum = "sha256:bb766f710eef8ede859c18578c72c327597cd4c8a85b06001b1f3843c6019386"
url = "https://github.com/cli/cli/releases/download/v2.102.0/gh_2.102.0_linux_amd64.tar.gz"
url_api = "https://api.github.com/repos/cli/cli/releases/assets/599854672"
provenance = "github-attestations"

[tools."aqua:cli/cli"."platforms.linux-x64-musl"]
checksum = "sha256:bb766f710eef8ede859c18578c72c327597cd4c8a85b06001b1f3843c6019386"
url = "https://github.com/cli/cli/releases/download/v2.102.0/gh_2.102.0_linux_amd64.tar.gz"
url_api = "https://api.github.com/repos/cli/cli/releases/assets/599854672"
provenance = "github-attestations"

[tools."aqua:cli/cli"."platforms.macos-arm64"]
checksum = "sha256:da922c20d1792e5b2cbf375593d7a658acf034c12c84e007e71c76ef959c337e"
url = "https://github.com/cli/cli/releases/download/v2.102.0/gh_2.102.0_macOS_arm64.zip"
url_api = "https://api.github.com/repos/cli/cli/releases/assets/599854720"
provenance = "github-attestations"

[tools."aqua:cli/cli"."platforms.macos-x64"]
checksum = "sha256:b245f24eb2bf5f75b426b4c26da3651a107f8d5b6f4fddfbfccc5679041378b3"
url = "https://github.com/cli/cli/releases/download/v2.102.0/gh_2.102.0_macOS_amd64.zip"
url_api = "https://api.github.com/repos/cli/cli/releases/assets/599854716"
provenance = "github-attestations"

[tools."aqua:cli/cli"."platforms.windows-x64"]
checksum = "sha256:ae64e556ecc240b200f7eba60d550e4bb60d78e860e69dd88c449405b86067f4"
url = "https://github.com/cli/cli/releases/download/v2.102.0/gh_2.102.0_windows_amd64.zip"
url_api = "https://api.github.com/repos/cli/cli/releases/assets/599854760"
provenance = "github-attestations"

[[tools."aqua:evilmartians/lefthook"]]
version = "2.2.1"
backend = "aqua:evilmartians/lefthook"

[tools."aqua:evilmartians/lefthook"."platforms.linux-arm64"]
checksum = "sha256:90af157cb1f2c6194498cd88aacee9d86c71e09f194bfbf68da2f1d24aa8ae01"
url = "https://github.com/evilmartians/lefthook/releases/download/v2.2.1/lefthook_2.2.1_Linux_aarch64.gz"
provenance = "github-attestations"

[tools."aqua:evilmartians/lefthook"."platforms.linux-arm64-musl"]
checksum = "sha256:90af157cb1f2c6194498cd88aacee9d86c71e09f194bfbf68da2f1d24aa8ae01"
url = "https://github.com/evilmartians/lefthook/releases/download/v2.2.1/lefthook_2.2.1_Linux_aarch64.gz"
provenance = "github-attestations"

[tools."aqua:evilmartians/lefthook"."platforms.linux-x64"]
checksum = "sha256:1b0ff33209fb31c5da73a6b860c5077ad83b1d8a99e46f5031fc14ee96caf9fe"
url = "https://github.com/evilmartians/lefthook/releases/download/v2.2.1/lefthook_2.2.1_Linux_x86_64.gz"
provenance = "github-attestations"

[tools."aqua:evilmartians/lefthook"."platforms.linux-x64-musl"]
checksum = "sha256:1b0ff33209fb31c5da73a6b860c5077ad83b1d8a99e46f5031fc14ee96caf9fe"
url = "https://github.com/evilmartians/lefthook/releases/download/v2.2.1/lefthook_2.2.1_Linux_x86_64.gz"
provenance = "github-attestations"

[tools."aqua:evilmartians/lefthook"."platforms.macos-arm64"]
checksum = "sha256:c58acbd9fab211b6291a0c31d96d7f12e0b420e12989212af2193e7bc7f4a319"
url = "https://github.com/evilmartians/lefthook/releases/download/v2.2.1/lefthook_2.2.1_MacOS_arm64.gz"
provenance = "github-attestations"

[tools."aqua:evilmartians/lefthook"."platforms.macos-x64"]
checksum = "sha256:654c41fa4f4490823eea4950beaf72889eae0e9acca0385700c381fce2ec54ae"
url = "https://github.com/evilmartians/lefthook/releases/download/v2.2.1/lefthook_2.2.1_MacOS_x86_64.gz"
provenance = "github-attestations"

[tools."aqua:evilmartians/lefthook"."platforms.windows-x64"]
checksum = "sha256:5707ebee91376f9a5ea0b09a93105f4532630739c71e53f3ce0f80e4df1fd2c9"
url = "https://github.com/evilmartians/lefthook/releases/download/v2.2.1/lefthook_2.2.1_Windows_x86_64.gz"
provenance = "github-attestations"

[[tools."aqua:fluxcd/flux2"]]
version = "2.9.6"
backend = "aqua:fluxcd/flux2"

[tools."aqua:fluxcd/flux2"."platforms.linux-arm64"]
checksum = "sha256:6663c154755b732f43dc993d72321f71c2fc1ff0bcb94b2696e0a8638fa562b4"
url = "https://github.com/fluxcd/flux2/releases/download/v2.9.6/flux_2.9.6_linux_arm64.tar.gz"
url_api = "https://api.github.com/repos/fluxcd/flux2/releases/assets/602941235"

[tools."aqua:fluxcd/flux2"."platforms.linux-arm64-musl"]
checksum = "sha256:6663c154755b732f43dc993d72321f71c2fc1ff0bcb94b2696e0a8638fa562b4"
url = "https://github.com/fluxcd/flux2/releases/download/v2.9.6/flux_2.9.6_linux_arm64.tar.gz"
url_api = "https://api.github.com/repos/fluxcd/flux2/releases/assets/602941235"

[tools."aqua:fluxcd/flux2"."platforms.linux-x64"]
checksum = "sha256:b4d22673e9246cbd628881f1a9ef3b090085dced291e42d804555cee8e8d42c5"
url = "https://github.com/fluxcd/flux2/releases/download/v2.9.6/flux_2.9.6_linux_amd64.tar.gz"
url_api = "https://api.github.com/repos/fluxcd/flux2/releases/assets/602941244"

[tools."aqua:fluxcd/flux2"."platforms.linux-x64-musl"]
checksum = "sha256:b4d22673e9246cbd628881f1a9ef3b090085dced291e42d804555cee8e8d42c5"
url = "https://github.com/fluxcd/flux2/releases/download/v2.9.6/flux_2.9.6_linux_amd64.tar.gz"
url_api = "https://api.github.com/repos/fluxcd/flux2/releases/assets/602941244"

[tools."aqua:fluxcd/flux2"."platforms.macos-arm64"]
checksum = "sha256:7008a758da4b8d57c5845aad6552f256d4d23630c2b2de2ca8da362f9a48c126"
url = "https://github.com/fluxcd/flux2/releases/download/v2.9.6/flux_2.9.6_darwin_arm64.tar.gz"
url_api = "https://api.github.com/repos/fluxcd/flux2/releases/assets/602941251"

[tools."aqua:fluxcd/flux2"."platforms.macos-x64"]
checksum = "sha256:c3c3532c8c6cf689ef7b93125b33dc170df84a9d5d036f578568bfdf88a2d7e6"
url = "https://github.com/fluxcd/flux2/releases/download/v2.9.6/flux_2.9.6_darwin_amd64.tar.gz"
url_api = "https://api.github.com/repos/fluxcd/flux2/releases/assets/602941249"

[tools."aqua:fluxcd/flux2"."platforms.windows-x64"]
checksum = "sha256:164e87a13ee8be864a96dbfe597d938cfcea60b9f309a2bd8eaad3e539fba054"
url = "https://github.com/fluxcd/flux2/releases/download/v2.9.6/flux_2.9.6_windows_amd64.zip"
url_api = "https://api.github.com/repos/fluxcd/flux2/releases/assets/602941233"

[[tools."aqua:helm/helm"]]
version = "4.3.0"
backend = "aqua:helm/helm"

[tools."aqua:helm/helm"."platforms.linux-arm64"]
url = "https://get.helm.sh/helm-4.3.0-linux-arm64.tar.gz"

[tools."aqua:helm/helm"."platforms.linux-arm64-musl"]
url = "https://get.helm.sh/helm-4.3.0-linux-arm64.tar.gz"

[tools."aqua:helm/helm"."platforms.linux-x64"]
url = "https://get.helm.sh/helm-4.3.0-linux-amd64.tar.gz"

[tools."aqua:helm/helm"."platforms.linux-x64-musl"]
url = "https://get.helm.sh/helm-4.3.0-linux-amd64.tar.gz"

[tools."aqua:helm/helm"."platforms.macos-arm64"]
url = "https://get.helm.sh/helm-4.3.0-darwin-arm64.tar.gz"

[tools."aqua:helm/helm"."platforms.macos-x64"]
url = "https://get.helm.sh/helm-4.3.0-darwin-amd64.tar.gz"

[tools."aqua:helm/helm"."platforms.windows-x64"]
url = "https://get.helm.sh/helm-4.3.0-windows-amd64.tar.gz"

[[tools."aqua:helmfile/helmfile"]]
version = "1.8.1"
backend = "aqua:helmfile/helmfile"

[tools."aqua:helmfile/helmfile"."platforms.linux-arm64"]
checksum = "sha256:2217788de9fb42cd0b3d84f1ee99c63617e19dea7af4995a59e45e4952c86ec4"
url = "https://github.com/helmfile/helmfile/releases/download/v1.8.1/helmfile_1.8.1_linux_arm64.tar.gz"
url_api = "https://api.github.com/repos/helmfile/helmfile/releases/assets/599703527"

[tools."aqua:helmfile/helmfile"."platforms.linux-arm64-musl"]
checksum = "sha256:2217788de9fb42cd0b3d84f1ee99c63617e19dea7af4995a59e45e4952c86ec4"
url = "https://github.com/helmfile/helmfile/releases/download/v1.8.1/helmfile_1.8.1_linux_arm64.tar.gz"
url_api = "https://api.github.com/repos/helmfile/helmfile/releases/assets/599703527"

[tools."aqua:helmfile/helmfile"."platforms.linux-x64"]
checksum = "sha256:ccabbe75dddbc25008d055fe92a44f95a184342211e7244d32b870409239c7a3"
url = "https://github.com/helmfile/helmfile/releases/download/v1.8.1/helmfile_1.8.1_linux_amd64.tar.gz"
url_api = "https://api.github.com/repos/helmfile/helmfile/releases/assets/599703520"

[tools."aqua:helmfile/helmfile"."platforms.linux-x64-musl"]
checksum = "sha256:ccabbe75dddbc25008d055fe92a44f95a184342211e7244d32b870409239c7a3"
url = "https://github.com/helmfile/helmfile/releases/download/v1.8.1/helmfile_1.8.1_linux_amd64.tar.gz"
url_api = "https://api.github.com/repos/helmfile/helmfile/releases/assets/599703520"

[tools."aqua:helmfile/helmfile"."platforms.macos-arm64"]
checksum = "sha256:62a6b086bdd7a934ff4a36d4974446d7271566b88db200b3956053a9b388fed8"
url = "https://github.com/helmfile/helmfile/releases/download/v1.8.1/helmfile_1.8.1_darwin_arm64.tar.gz"
url_api = "https://api.github.com/repos/helmfile/helmfile/releases/assets/599703536"

[tools."aqua:helmfile/helmfile"."platforms.macos-x64"]
checksum = "sha256:b7a44505f1cf09e8e42db4e5914d46bd6f3abae95d226d16ea182d56954eb3bd"
url = "https://github.com/helmfile/helmfile/releases/download/v1.8.1/helmfile_1.8.1_darwin_amd64.tar.gz"
url_api = "https://api.github.com/repos/helmfile/helmfile/releases/assets/599703532"

[tools."aqua:helmfile/helmfile"."platforms.windows-x64"]
checksum = "sha256:7ade732368fcc4bb7c0bb75df8b9b3ac542a4ae79ba2a63352f96099b4a86546"
url = "https://github.com/helmfile/helmfile/releases/download/v1.8.1/helmfile_1.8.1_windows_amd64.tar.gz"
url_api = "https://api.github.com/repos/helmfile/helmfile/releases/assets/599703418"

[[tools."aqua:jqlang/jq"]]
version = "1.8.1"
backend = "aqua:jqlang/jq"

[tools."aqua:jqlang/jq"."platforms.linux-arm64"]
checksum = "sha256:6bc62f25981328edd3cfcfe6fe51b073f2d7e7710d7ef7fcdac28d4e384fc3d4"
url = "https://github.com/jqlang/jq/releases/download/jq-1.8.1/jq-linux-arm64"
provenance = "github-attestations"

[tools."aqua:jqlang/jq"."platforms.linux-arm64-musl"]
checksum = "sha256:6bc62f25981328edd3cfcfe6fe51b073f2d7e7710d7ef7fcdac28d4e384fc3d4"
url = "https://github.com/jqlang/jq/releases/download/jq-1.8.1/jq-linux-arm64"
provenance = "github-attestations"

[tools."aqua:jqlang/jq"."platforms.linux-x64"]
checksum = "sha256:020468de7539ce70ef1bceaf7cde2e8c4f2ca6c3afb84642aabc5c97d9fc2a0d"
url = "https://github.com/jqlang/jq/releases/download/jq-1.8.1/jq-linux-amd64"
provenance = "github-attestations"

[tools."aqua:jqlang/jq"."platforms.linux-x64-musl"]
checksum = "sha256:020468de7539ce70ef1bceaf7cde2e8c4f2ca6c3afb84642aabc5c97d9fc2a0d"
url = "https://github.com/jqlang/jq/releases/download/jq-1.8.1/jq-linux-amd64"
provenance = "github-attestations"

[tools."aqua:jqlang/jq"."platforms.macos-arm64"]
checksum = "sha256:a9fe3ea2f86dfc72f6728417521ec9067b343277152b114f4e98d8cb0e263603"
url = "https://github.com/jqlang/jq/releases/download/jq-1.8.1/jq-macos-arm64"
provenance = "github-attestations"

[tools."aqua:jqlang/jq"."platforms.macos-x64"]
checksum = "sha256:e80dbe0d2a2597e3c11c404f03337b981d74b4a8504b70586c354b7697a7c27f"
url = "https://github.com/jqlang/jq/releases/download/jq-1.8.1/jq-macos-amd64"
provenance = "github-attestations"

[tools."aqua:jqlang/jq"."platforms.windows-x64"]
checksum = "sha256:23cb60a1354eed6bcc8d9b9735e8c7b388cd1fdcb75726b93bc299ef22dd9334"
url = "https://github.com/jqlang/jq/releases/download/jq-1.8.1/jq-windows-amd64.exe"
provenance = "github-attestations"

[[tools."aqua:koalaman/shellcheck"]]
version = "0.11.0"
backend = "aqua:koalaman/shellcheck"

[tools."aqua:koalaman/shellcheck"."platforms.linux-arm64"]
checksum = "sha256:12b331c1d2db6b9eb13cfca64306b1b157a86eb69db83023e261eaa7e7c14588"
url = "https://github.com/koalaman/shellcheck/releases/download/v0.11.0/shellcheck-v0.11.0.linux.aarch64.tar.xz"

[tools."aqua:koalaman/shellcheck"."platforms.linux-arm64-musl"]
checksum = "sha256:12b331c1d2db6b9eb13cfca64306b1b157a86eb69db83023e261eaa7e7c14588"
url = "https://github.com/koalaman/shellcheck/releases/download/v0.11.0/shellcheck-v0.11.0.linux.aarch64.tar.xz"

[tools."aqua:koalaman/shellcheck"."platforms.linux-x64"]
checksum = "sha256:8c3be12b05d5c177a04c29e3c78ce89ac86f1595681cab149b65b97c4e227198"
url = "https://github.com/koalaman/shellcheck/releases/download/v0.11.0/shellcheck-v0.11.0.linux.x86_64.tar.xz"

[tools."aqua:koalaman/shellcheck"."platforms.linux-x64-musl"]
checksum = "sha256:8c3be12b05d5c177a04c29e3c78ce89ac86f1595681cab149b65b97c4e227198"
url = "https://github.com/koalaman/shellcheck/releases/download/v0.11.0/shellcheck-v0.11.0.linux.x86_64.tar.xz"

[tools."aqua:koalaman/shellcheck"."platforms.macos-arm64"]
checksum = "sha256:56affdd8de5527894dca6dc3d7e0a99a873b0f004d7aabc30ae407d3f48b0a79"
url = "https://github.com/koalaman/shellcheck/releases/download/v0.11.0/shellcheck-v0.11.0.darwin.aarch64.tar.xz"

[tools."aqua:koalaman/shellcheck"."platforms.macos-x64"]
checksum = "sha256:3c89db4edcab7cf1c27bff178882e0f6f27f7afdf54e859fa041fca10febe4c6"
url = "https://github.com/koalaman/shellcheck/releases/download/v0.11.0/shellcheck-v0.11.0.darwin.x86_64.tar.xz"

[tools."aqua:koalaman/shellcheck"."platforms.windows-x64"]
checksum = "sha256:8a4e35ab0b331c85d73567b12f2a444df187f483e5079ceffa6bda1faa2e740e"
url = "https://github.com/koalaman/shellcheck/releases/download/v0.11.0/shellcheck-v0.11.0.zip"

[[tools."aqua:kubernetes-sigs/kustomize"]]
version = "5.7.1"
backend = "aqua:kubernetes-sigs/kustomize"

[tools."aqua:kubernetes-sigs/kustomize"."platforms.linux-arm64"]
checksum = "sha256:4261a040217df3bd6896597c3986d1465925726e4f22a945304b5233a4dcdbda"
url = "https://github.com/kubernetes-sigs/kustomize/releases/download/kustomize/v5.7.1/kustomize_v5.7.1_linux_arm64.tar.gz"

[tools."aqua:kubernetes-sigs/kustomize"."platforms.linux-arm64-musl"]
checksum = "sha256:4261a040217df3bd6896597c3986d1465925726e4f22a945304b5233a4dcdbda"
url = "https://github.com/kubernetes-sigs/kustomize/releases/download/kustomize/v5.7.1/kustomize_v5.7.1_linux_arm64.tar.gz"

[tools."aqua:kubernetes-sigs/kustomize"."platforms.linux-x64"]
checksum = "sha256:ea375e7372f9aa029129d4b2d16c66b7750b7f1213c4f66f910d981c895818d8"
url = "https://github.com/kubernetes-sigs/kustomize/releases/download/kustomize/v5.7.1/kustomize_v5.7.1_linux_amd64.tar.gz"

[tools."aqua:kubernetes-sigs/kustomize"."platforms.linux-x64-musl"]
checksum = "sha256:ea375e7372f9aa029129d4b2d16c66b7750b7f1213c4f66f910d981c895818d8"
url = "https://github.com/kubernetes-sigs/kustomize/releases/download/kustomize/v5.7.1/kustomize_v5.7.1_linux_amd64.tar.gz"

[tools."aqua:kubernetes-sigs/kustomize"."platforms.macos-arm64"]
checksum = "sha256:073e9d16d5a235e2ff83e62d6b76edb5d962adbc33be1e4860c4b3f1f39b33b9"
url = "https://github.com/kubernetes-sigs/kustomize/releases/download/kustomize/v5.7.1/kustomize_v5.7.1_darwin_arm64.tar.gz"

[tools."aqua:kubernetes-sigs/kustomize"."platforms.macos-x64"]
checksum = "sha256:4a0dff80c5644df6bc8f51b342842969004cb6ba5f94dddaabbea7483493273d"
url = "https://github.com/kubernetes-sigs/kustomize/releases/download/kustomize/v5.7.1/kustomize_v5.7.1_darwin_amd64.tar.gz"

[tools."aqua:kubernetes-sigs/kustomize"."platforms.windows-x64"]
checksum = "sha256:4704f8b47582c1c52bf76a50b37178f7f7de17f892713794a8bf44b01b50e0ce"
url = "https://github.com/kubernetes-sigs/kustomize/releases/download/kustomize/v5.7.1/kustomize_v5.7.1_windows_amd64.zip"

[[tools."aqua:kubernetes/kubectl"]]
version = "1.35.0"
backend = "aqua:kubernetes/kubectl"

[tools."aqua:kubernetes/kubectl"."platforms.linux-arm64"]
url = "https://dl.k8s.io/1.35.0/bin/linux/arm64/kubectl"

[tools."aqua:kubernetes/kubectl"."platforms.linux-arm64-musl"]
url = "https://dl.k8s.io/1.35.0/bin/linux/arm64/kubectl"

[tools."aqua:kubernetes/kubectl"."platforms.linux-x64"]
url = "https://dl.k8s.io/1.35.0/bin/linux/amd64/kubectl"

[tools."aqua:kubernetes/kubectl"."platforms.linux-x64-musl"]
url = "https://dl.k8s.io/1.35.0/bin/linux/amd64/kubectl"

[tools."aqua:kubernetes/kubectl"."platforms.macos-arm64"]
url = "https://dl.k8s.io/1.35.0/bin/darwin/arm64/kubectl"

[tools."aqua:kubernetes/kubectl"."platforms.macos-x64"]
url = "https://dl.k8s.io/1.35.0/bin/darwin/amd64/kubectl"

[tools."aqua:kubernetes/kubectl"."platforms.windows-x64"]
url = "https://dl.k8s.io/1.35.0/bin/windows/amd64/kubectl.exe"

[[tools."aqua:mikefarah/yq"]]
version = "4.54.1"
backend = "aqua:mikefarah/yq"

[tools."aqua:mikefarah/yq"."platforms.linux-arm64"]
checksum = "sha256:189088da0c6429ec5178dfaab1a114805f6cab0b61b165ab236efedf1d57a71b"
url = "https://github.com/mikefarah/yq/releases/download/v4.54.1/yq_linux_arm64"
url_api = "https://api.github.com/repos/mikefarah/yq/releases/assets/597222603"
provenance = "cosign"

[tools."aqua:mikefarah/yq"."platforms.linux-arm64-musl"]
checksum = "sha256:189088da0c6429ec5178dfaab1a114805f6cab0b61b165ab236efedf1d57a71b"
url = "https://github.com/mikefarah/yq/releases/download/v4.54.1/yq_linux_arm64"
url_api = "https://api.github.com/repos/mikefarah/yq/releases/assets/597222603"
provenance = "cosign"

[tools."aqua:mikefarah/yq"."platforms.linux-x64"]
checksum = "sha256:8e34fc298390875de416e6a4afcb8cabeceb25d9aa8506c1a2f9353cf702ea5f"
url = "https://github.com/mikefarah/yq/releases/download/v4.54.1/yq_linux_amd64"
url_api = "https://api.github.com/repos/mikefarah/yq/releases/assets/597222595"
provenance = "cosign"

[tools."aqua:mikefarah/yq"."platforms.linux-x64-musl"]
checksum = "sha256:8e34fc298390875de416e6a4afcb8cabeceb25d9aa8506c1a2f9353cf702ea5f"
url = "https://github.com/mikefarah/yq/releases/download/v4.54.1/yq_linux_amd64"
url_api = "https://api.github.com/repos/mikefarah/yq/releases/assets/597222595"
provenance = "cosign"

[tools."aqua:mikefarah/yq"."platforms.macos-arm64"]
checksum = "sha256:fee511a181bd8b3e6b7da98842b41973bfac8cd3bcd341ed29a584620b5b2844"
url = "https://github.com/mikefarah/yq/releases/download/v4.54.1/yq_darwin_arm64"
url_api = "https://api.github.com/repos/mikefarah/yq/releases/assets/597222609"
provenance = "cosign"

[tools."aqua:mikefarah/yq"."platforms.macos-x64"]
checksum = "sha256:3a812fce205a4d67014fb71b7fa297092210e580df3d8f52dddc2cf3a599c22b"
url = "https://github.com/mikefarah/yq/releases/download/v4.54.1/yq_darwin_amd64"
url_api = "https://api.github.com/repos/mikefarah/yq/releases/assets/597222619"
provenance = "cosign"

[tools."aqua:mikefarah/yq"."platforms.windows-x64"]
checksum = "sha256:b645f47ebb3a0d2fbab52998550bbd0a1706f23b5ca5f5b48e638c580bb70928"
url = "https://github.com/mikefarah/yq/releases/download/v4.54.1/yq_windows_amd64.exe"
url_api = "https://api.github.com/repos/mikefarah/yq/releases/assets/597222575"
provenance = "cosign"

[[tools."aqua:rhysd/actionlint"]]
version = "1.7.12"
backend = "aqua:rhysd/actionlint"

[tools."aqua:rhysd/actionlint"."platforms.linux-arm64"]
checksum = "sha256:325e971b6ba9bfa504672e29be93c24981eeb1c07576d730e9f7c8805afff0c6"
url = "https://github.com/rhysd/actionlint/releases/download/v1.7.12/actionlint_1.7.12_linux_arm64.tar.gz"
provenance = "github-attestations"

[tools."aqua:rhysd/actionlint"."platforms.linux-arm64-musl"]
checksum = "sha256:325e971b6ba9bfa504672e29be93c24981eeb1c07576d730e9f7c8805afff0c6"
url = "https://github.com/rhysd/actionlint/releases/download/v1.7.12/actionlint_1.7.12_linux_arm64.tar.gz"
provenance = "github-attestations"

[tools."aqua:rhysd/actionlint"."platforms.linux-x64"]
checksum = "sha256:8aca8db96f1b94770f1b0d72b6dddcb1ebb8123cb3712530b08cc387b349a3d8"
url = "https://github.com/rhysd/actionlint/releases/download/v1.7.12/actionlint_1.7.12_linux_amd64.tar.gz"
provenance = "github-attestations"

[tools."aqua:rhysd/actionlint"."platforms.linux-x64-musl"]
checksum = "sha256:8aca8db96f1b94770f1b0d72b6dddcb1ebb8123cb3712530b08cc387b349a3d8"
url = "https://github.com/rhysd/actionlint/releases/download/v1.7.12/actionlint_1.7.12_linux_amd64.tar.gz"
provenance = "github-attestations"

[tools."aqua:rhysd/actionlint"."platforms.macos-arm64"]
checksum = "sha256:aba9ced2dee8d27fecca3dc7feb1a7f9a52caefa1eb46f3271ea66b6e0e6953f"
url = "https://github.com/rhysd/actionlint/releases/download/v1.7.12/actionlint_1.7.12_darwin_arm64.tar.gz"
provenance = "github-attestations"

[tools."aqua:rhysd/actionlint"."platforms.macos-x64"]
checksum = "sha256:5b44c3bc2255115c9b69e30efc0fecdf498fdb63c5d58e17084fd5f16324c644"
url = "https://github.com/rhysd/actionlint/releases/download/v1.7.12/actionlint_1.7.12_darwin_amd64.tar.gz"
provenance = "github-attestations"

[tools."aqua:rhysd/actionlint"."platforms.windows-x64"]
checksum = "sha256:6e7241b51e6817ea6a047693d8e6fed13b31819c9a0dd6c5a726e1592d22f6e9"
url = "https://github.com/rhysd/actionlint/releases/download/v1.7.12/actionlint_1.7.12_windows_amd64.zip"
provenance = "github-attestations"

[[tools."aqua:siderolabs/talos"]]
version = "1.14.2"
backend = "aqua:siderolabs/talos"

[tools."aqua:siderolabs/talos"."platforms.linux-arm64"]
provenance = "cosign"

[tools."aqua:siderolabs/talos"."platforms.linux-arm64-musl"]
provenance = "cosign"

[tools."aqua:siderolabs/talos"."platforms.linux-x64"]
provenance = "cosign"

[tools."aqua:siderolabs/talos"."platforms.linux-x64-musl"]
provenance = "cosign"

[tools."aqua:siderolabs/talos"."platforms.macos-arm64"]
provenance = "cosign"

[tools."aqua:siderolabs/talos"."platforms.macos-x64"]
provenance = "cosign"

[tools."aqua:siderolabs/talos"."platforms.windows-x64"]
provenance = "cosign"

[[tools."github:mitsuhiko/minijinja"]]
version = "3.0.0"
backend = "github:mitsuhiko/minijinja"

[tools."github:mitsuhiko/minijinja"."platforms.linux-arm64"]
checksum = "sha256:ed98cca2021cf4923e08b1fdb5f4a168491574c3c59b5a00d666bbf0acf130c3"
url = "https://github.com/mitsuhiko/minijinja/releases/download/3.0.0/minijinja-cli-aarch64-unknown-linux-gnu.tar.xz"
url_api = "https://api.github.com/repos/mitsuhiko/minijinja/releases/assets/624062540"

[tools."github:mitsuhiko/minijinja"."platforms.linux-arm64-musl"]
checksum = "sha256:5dd8a68e3d2e3e27815ff54aa4b89193b2904abd5246f49dee5cafb13287eafd"
url = "https://github.com/mitsuhiko/minijinja/releases/download/3.0.0/minijinja-cli-aarch64-unknown-linux-musl.tar.xz"
url_api = "https://api.github.com/repos/mitsuhiko/minijinja/releases/assets/624062544"

[tools."github:mitsuhiko/minijinja"."platforms.linux-x64"]
checksum = "sha256:475e12d8b29b321b6176b664cafb09043a67a96449a9c8fa4772424f6edb50b4"
url = "https://github.com/mitsuhiko/minijinja/releases/download/3.0.0/minijinja-cli-x86_64-unknown-linux-gnu.tar.xz"
url_api = "https://api.github.com/repos/mitsuhiko/minijinja/releases/assets/624062606"

[tools."github:mitsuhiko/minijinja"."platforms.linux-x64-musl"]
checksum = "sha256:00318785c8609619654f71aadc09bf6baacf14f5d0f0a8a69f6b2e9947cc5b61"
url = "https://github.com/mitsuhiko/minijinja/releases/download/3.0.0/minijinja-cli-x86_64-unknown-linux-musl.tar.xz"
url_api = "https://api.github.com/repos/mitsuhiko/minijinja/releases/assets/624062616"

[tools."github:mitsuhiko/minijinja"."platforms.macos-arm64"]
checksum = "sha256:8f9913f1c71a71ebaaca71ff1ac73c9ca9afd0b9054775c4073d8a316ab36112"
url = "https://github.com/mitsuhiko/minijinja/releases/download/3.0.0/minijinja-cli-aarch64-apple-darwin.tar.xz"
url_api = "https://api.github.com/repos/mitsuhiko/minijinja/releases/assets/624062522"

[tools."github:mitsuhiko/minijinja"."platforms.macos-x64"]
checksum = "sha256:d10ab31dd617f5cbd01aed70ff135a62ab414df50bc4b1b587c9801e5991d64c"
url = "https://github.com/mitsuhiko/minijinja/releases/download/3.0.0/minijinja-cli-x86_64-apple-darwin.tar.xz"
url_api = "https://api.github.com/repos/mitsuhiko/minijinja/releases/assets/624062591"

[tools."github:mitsuhiko/minijinja"."platforms.windows-x64"]
checksum = "sha256:dae7105051d2b1300549862e362a31b8036dbc93cc99eeb42c48372f44329eca"
url = "https://github.com/mitsuhiko/minijinja/releases/download/3.0.0/minijinja-cli-x86_64-pc-windows-msvc.zip"
url_api = "https://api.github.com/repos/mitsuhiko/minijinja/releases/assets/624062597"

[[tools."github:woodruffw/zizmor"]]
version = "1.30.1"
backend = "github:woodruffw/zizmor"

[tools."github:woodruffw/zizmor"."platforms.linux-arm64"]
checksum = "sha256:7ff1dce33bdd18fd2a4affe63bdd47efcccca97b2cec1c1863ec26e9e2647540"
url = "https://github.com/zizmorcore/zizmor/releases/download/v1.30.1/zizmor-aarch64-unknown-linux-gnu.tar.gz"
url_api = "https://api.github.com/repos/zizmorcore/zizmor/releases/assets/552067643"
provenance = "github-attestations"

[tools."github:woodruffw/zizmor"."platforms.linux-arm64-musl"]
checksum = "sha256:7ff1dce33bdd18fd2a4affe63bdd47efcccca97b2cec1c1863ec26e9e2647540"
url = "https://github.com/zizmorcore/zizmor/releases/download/v1.30.1/zizmor-aarch64-unknown-linux-gnu.tar.gz"
url_api = "https://api.github.com/repos/zizmorcore/zizmor/releases/assets/552067643"
provenance = "github-attestations"

[tools."github:woodruffw/zizmor"."platforms.linux-x64"]
checksum = "sha256:e65324f4430c2717591937edcec90ccbefaf14c174f8ec9415e03ca875b46e1a"
url = "https://github.com/zizmorcore/zizmor/releases/download/v1.30.1/zizmor-x86_64-unknown-linux-gnu.tar.gz"
url_api = "https://api.github.com/repos/zizmorcore/zizmor/releases/assets/552067642"
provenance = "github-attestations"

[tools."github:woodruffw/zizmor"."platforms.linux-x64-musl"]
checksum = "sha256:e65324f4430c2717591937edcec90ccbefaf14c174f8ec9415e03ca875b46e1a"
url = "https://github.com/zizmorcore/zizmor/releases/download/v1.30.1/zizmor-x86_64-unknown-linux-gnu.tar.gz"
url_api = "https://api.github.com/repos/zizmorcore/zizmor/releases/assets/552067642"
provenance = "github-attestations"

[tools."github:woodruffw/zizmor"."platforms.macos-arm64"]
checksum = "sha256:e28d22b087f9ebb8d99da6e740d348c930f559961c7c3f12badda54f882195a2"
url = "https://github.com/zizmorcore/zizmor/releases/download/v1.30.1/zizmor-aarch64-apple-darwin.tar.gz"
url_api = "https://api.github.com/repos/zizmorcore/zizmor/releases/assets/552067640"
provenance = "github-attestations"

[tools."github:woodruffw/zizmor"."platforms.macos-x64"]
checksum = "sha256:10e6b18b11ea07e515a16f0f0518c7b07527bc9977c1fd5698181ce7f3554202"
url = "https://github.com/zizmorcore/zizmor/releases/download/v1.30.1/zizmor-x86_64-apple-darwin.tar.gz"
url_api = "https://api.github.com/repos/zizmorcore/zizmor/releases/assets/552067641"
provenance = "github-attestations"

[tools."github:woodruffw/zizmor"."platforms.windows-x64"]
checksum = "sha256:b183b1e996eddfab9659f1e9b46e059f1ef1cf984a1f14e5da09f7876a4b3a1c"
url = "https://github.com/zizmorcore/zizmor/releases/download/v1.30.1/zizmor-x86_64-pc-windows-msvc.zip"
url_api = "https://api.github.com/repos/zizmorcore/zizmor/releases/assets/552067645"
provenance = "github-attestations"

[[tools.node]]
version = "24.21.0"
backend = "core:node"

[tools.node."platforms.linux-arm64"]
checksum = "sha256:724282c3b43aec998aa9527380465b45d229e021b58035f5f4f63095eabfe5d5"
url = "https://nodejs.org/dist/v24.21.0/node-v24.21.0-linux-arm64.tar.gz"

[tools.node."platforms.linux-arm64-musl"]
checksum = "sha256:3048b0811e158ca0d8672b59c839861763e144492980d8d29b369dfee45747e4"
url = "https://unofficial-builds.nodejs.org/download/release/v24.21.0/node-v24.21.0-linux-arm64-musl.tar.gz"

[tools.node."platforms.linux-x64"]
checksum = "sha256:6e1db87ef58b8819e5d5402eff1536491b18edd8eb7bee5ef7897876e88dc5ff"
url = "https://nodejs.org/dist/v24.21.0/node-v24.21.0-linux-x64.tar.gz"

[tools.node."platforms.linux-x64-musl"]
checksum = "sha256:01a713e34da98e7b4d2a3191ee7ca3f93dd0384d1a2ef23c379b2161ee6e133a"
url = "https://unofficial-builds.nodejs.org/download/release/v24.21.0/node-v24.21.0-linux-x64-musl.tar.gz"

[tools.node."platforms.macos-arm64"]
checksum = "sha256:bed7eea5325e1108f32ce5228ddd6a5f0f08a499ee42aa7442aea583702f6057"
url = "https://nodejs.org/dist/v24.21.0/node-v24.21.0-darwin-arm64.tar.gz"

[tools.node."platforms.macos-x64"]
checksum = "sha256:1462cb3b3046b815cf8ea436d3da450ec1a9f11dac7e5a46b0ada5305d7e8097"
url = "https://nodejs.org/dist/v24.21.0/node-v24.21.0-darwin-x64.tar.gz"

[tools.node."platforms.windows-x64"]
checksum = "sha256:158f7685b44de51f6c0df1d153526cbcd3e1bc739a8dfc607721cef75de9e541"
url = "https://nodejs.org/dist/v24.21.0/node-v24.21.0-win-x64.zip"

[[tools."npm:oxfmt"]]
version = "0.72.0"
backend = "npm:oxfmt"

[[tools."vfox:mise-plugins/vfox-1password"]]
version = "2.34.0"
backend = "vfox:mise-plugins/vfox-1password"

[tools."vfox:mise-plugins/vfox-1password"."platforms.linux-arm64"]
url = "https://cache.agilebits.com/dist/1P/op2/pkg/v2.34.0/op_linux_arm64_v2.34.0.zip"

[tools."vfox:mise-plugins/vfox-1password"."platforms.linux-arm64-musl"]
url = "https://cache.agilebits.com/dist/1P/op2/pkg/v2.34.0/op_linux_arm64_v2.34.0.zip"

[tools."vfox:mise-plugins/vfox-1password"."platforms.linux-x64"]
url = "https://cache.agilebits.com/dist/1P/op2/pkg/v2.34.0/op_linux_amd64_v2.34.0.zip"

[tools."vfox:mise-plugins/vfox-1password"."platforms.linux-x64-musl"]
url = "https://cache.agilebits.com/dist/1P/op2/pkg/v2.34.0/op_linux_amd64_v2.34.0.zip"

[tools."vfox:mise-plugins/vfox-1password"."platforms.macos-arm64"]
url = "https://cache.agilebits.com/dist/1P/op2/pkg/v2.34.0/op_darwin_arm64_v2.34.0.zip"

[tools."vfox:mise-plugins/vfox-1password"."platforms.macos-x64"]
url = "https://cache.agilebits.com/dist/1P/op2/pkg/v2.34.0/op_darwin_amd64_v2.34.0.zip"

[tools."vfox:mise-plugins/vfox-1password"."platforms.windows-x64"]
url = "https://cache.agilebits.com/dist/1P/op2/pkg/v2.34.0/op_windows_amd64_v2.34.0.zip"
